
Microsoft Visual Studio Solution File, Format Version 12.00
# Visual Studio 15
VisualStudioVersion = 15.0.28307.902
MinimumVisualStudioVersion = 10.0.40219.1
Project("{FAE04EC0-301F-11D3-BF4B-00C04F79EFBC}") = "datatypes", "datatypes\datatypes.csproj", "{A164B8EB-2CFE-42D0-91E3-72CBAD104816}"
EndProject
Global
	GlobalSection(SolutionConfigurationPlatforms) = preSolution
		Debug|Any CPU = Debug|Any CPU
		Release|Any CPU = Release|Any CPU
	EndGlobalSection
	GlobalSection(ProjectConfigurationPlatforms) = postSolution
		{A164B8EB-2CFE-42D0-91E3-72CBAD104816}.Debug|Any CPU.ActiveCfg = Debug|Any CPU
		{A164B8EB-2CFE-42D0-91E3-72CBAD104816}.Debug|Any CPU.Build.0 = Debug|Any CPU
		{A164B8EB-2CFE-42D0-91E3-72CBAD104816}.Release|Any CPU.ActiveCfg = Release|Any CPU
		{A164B8EB-2CFE-42D0-91E3-72CBAD104816}.Release|Any CPU.Build.0 = Release|Any CPU
	EndGlobalSection
	GlobalSection(SolutionProperties) = preSolution
		HideSolutionNode = FALSE
	EndGlobalSection
	GlobalSection(ExtensibilityGlobals) = postSolution
		SolutionGuid = {C6275599-9189-42E7-9BB0-F79C74D4746F}
	EndGlobalSection
EndGlobal
