
Microsoft Visual Studio Solution File, Format Version 12.00
# Visual Studio 15
VisualStudioVersion = 15.0.28307.902
MinimumVisualStudioVersion = 10.0.40219.1
Project("{FAE04EC0-301F-11D3-BF4B-00C04F79EFBC}") = "02_For", "02_For\02_For.csproj", "{AEEE409C-61E0-4A7A-AB9F-6BB20EE312B2}"
EndProject
Global
	GlobalSection(SolutionConfigurationPlatforms) = preSolution
		Debug|Any CPU = Debug|Any CPU
		Release|Any CPU = Release|Any CPU
	EndGlobalSection
	GlobalSection(ProjectConfigurationPlatforms) = postSolution
		{AEEE409C-61E0-4A7A-AB9F-6BB20EE312B2}.Debug|Any CPU.ActiveCfg = Debug|Any CPU
		{AEEE409C-61E0-4A7A-AB9F-6BB20EE312B2}.Debug|Any CPU.Build.0 = Debug|Any CPU
		{AEEE409C-61E0-4A7A-AB9F-6BB20EE312B2}.Release|Any CPU.ActiveCfg = Release|Any CPU
		{AEEE409C-61E0-4A7A-AB9F-6BB20EE312B2}.Release|Any CPU.Build.0 = Release|Any CPU
	EndGlobalSection
	GlobalSection(SolutionProperties) = preSolution
		HideSolutionNode = FALSE
	EndGlobalSection
	GlobalSection(ExtensibilityGlobals) = postSolution
		SolutionGuid = {44180F93-93EE-495B-A01D-F51FA9CB2F85}
	EndGlobalSection
EndGlobal
